
Microsoft Visual Studio Solution File, Format Version 12.00
Project("{FAE04EC0-301F-11D3-BF4B-00C04F79EFBC}") = "FivePD-Anti-Despawn-Entities", "FivePD-Anti-Despawn-Entities.csproj", "{90D334E9-2087-4C3D-A82C-9B4059DBA3F3}"
EndProject
Global
	GlobalSection(SolutionConfigurationPlatforms) = preSolution
		Debug|Any CPU = Debug|Any CPU
		Release|Any CPU = Release|Any CPU
	EndGlobalSection
	GlobalSection(ProjectConfigurationPlatforms) = postSolution
		{90D334E9-2087-4C3D-A82C-9B4059DBA3F3}.Debug|Any CPU.ActiveCfg = Debug|Any CPU
		{90D334E9-2087-4C3D-A82C-9B4059DBA3F3}.Debug|Any CPU.Build.0 = Debug|Any CPU
		{90D334E9-2087-4C3D-A82C-9B4059DBA3F3}.Release|Any CPU.ActiveCfg = Release|Any CPU
		{90D334E9-2087-4C3D-A82C-9B4059DBA3F3}.Release|Any CPU.Build.0 = Release|Any CPU
	EndGlobalSection
EndGlobal
